
Microsoft Visual Studio Solution File, Format Version 12.00
# Visual Studio 15
VisualStudioVersion = 15.0.26124.0
MinimumVisualStudioVersion = 15.0.26124.0
Project("{FAE04EC0-301F-11D3-BF4B-00C04F79EFBC}") = "Program", "Program\Program.csproj", "{1A8CC055-0142-4612-988A-28D08CB3946A}"
EndProject
Project("{FAE04EC0-301F-11D3-BF4B-00C04F79EFBC}") = "Tests", "Tests\Tests.csproj", "{34DCD894-98E0-4143-AD41-3401ED273775}"
EndProject
Project("{FAE04EC0-301F-11D3-BF4B-00C04F79EFBC}") = "ProductAPI", "rest-api-dotnet\ProductAPI.csproj", "{B3F8A3CE-D202-459F-BBA3-829FBCD0CE2B}"
EndProject
Global
	GlobalSection(SolutionConfigurationPlatforms) = preSolution
		Debug|Any CPU = Debug|Any CPU
		Debug|x64 = Debug|x64
		Debug|x86 = Debug|x86
		Release|Any CPU = Release|Any CPU
		Release|x64 = Release|x64
		Release|x86 = Release|x86
	EndGlobalSection
	GlobalSection(SolutionProperties) = preSolution
		HideSolutionNode = FALSE
	EndGlobalSection
	GlobalSection(ProjectConfigurationPlatforms) = postSolution
		{1A8CC055-0142-4612-988A-28D08CB3946A}.Debug|Any CPU.ActiveCfg = Debug|Any CPU
		{1A8CC055-0142-4612-988A-28D08CB3946A}.Debug|Any CPU.Build.0 = Debug|Any CPU
		{1A8CC055-0142-4612-988A-28D08CB3946A}.Debug|x64.ActiveCfg = Debug|Any CPU
		{1A8CC055-0142-4612-988A-28D08CB3946A}.Debug|x64.Build.0 = Debug|Any CPU
		{1A8CC055-0142-4612-988A-28D08CB3946A}.Debug|x86.ActiveCfg = Debug|Any CPU
		{1A8CC055-0142-4612-988A-28D08CB3946A}.Debug|x86.Build.0 = Debug|Any CPU
		{1A8CC055-0142-4612-988A-28D08CB3946A}.Release|Any CPU.ActiveCfg = Release|Any CPU
		{1A8CC055-0142-4612-988A-28D08CB3946A}.Release|Any CPU.Build.0 = Release|Any CPU
		{1A8CC055-0142-4612-988A-28D08CB3946A}.Release|x64.ActiveCfg = Release|Any CPU
		{1A8CC055-0142-4612-988A-28D08CB3946A}.Release|x64.Build.0 = Release|Any CPU
		{1A8CC055-0142-4612-988A-28D08CB3946A}.Release|x86.ActiveCfg = Release|Any CPU
		{1A8CC055-0142-4612-988A-28D08CB3946A}.Release|x86.Build.0 = Release|Any CPU
		{34DCD894-98E0-4143-AD41-3401ED273775}.Debug|Any CPU.ActiveCfg = Debug|Any CPU
		{34DCD894-98E0-4143-AD41-3401ED273775}.Debug|Any CPU.Build.0 = Debug|Any CPU
		{34DCD894-98E0-4143-AD41-3401ED273775}.Debug|x64.ActiveCfg = Debug|Any CPU
		{34DCD894-98E0-4143-AD41-3401ED273775}.Debug|x64.Build.0 = Debug|Any CPU
		{34DCD894-98E0-4143-AD41-3401ED273775}.Debug|x86.ActiveCfg = Debug|Any CPU
		{34DCD894-98E0-4143-AD41-3401ED273775}.Debug|x86.Build.0 = Debug|Any CPU
		{34DCD894-98E0-4143-AD41-3401ED273775}.Release|Any CPU.ActiveCfg = Release|Any CPU
		{34DCD894-98E0-4143-AD41-3401ED273775}.Release|Any CPU.Build.0 = Release|Any CPU
		{34DCD894-98E0-4143-AD41-3401ED273775}.Release|x64.ActiveCfg = Release|Any CPU
		{34DCD894-98E0-4143-AD41-3401ED273775}.Release|x64.Build.0 = Release|Any CPU
		{34DCD894-98E0-4143-AD41-3401ED273775}.Release|x86.ActiveCfg = Release|Any CPU
		{34DCD894-98E0-4143-AD41-3401ED273775}.Release|x86.Build.0 = Release|Any CPU
		{B3F8A3CE-D202-459F-BBA3-829FBCD0CE2B}.Debug|Any CPU.ActiveCfg = Debug|Any CPU
		{B3F8A3CE-D202-459F-BBA3-829FBCD0CE2B}.Debug|Any CPU.Build.0 = Debug|Any CPU
		{B3F8A3CE-D202-459F-BBA3-829FBCD0CE2B}.Debug|x64.ActiveCfg = Debug|Any CPU
		{B3F8A3CE-D202-459F-BBA3-829FBCD0CE2B}.Debug|x64.Build.0 = Debug|Any CPU
		{B3F8A3CE-D202-459F-BBA3-829FBCD0CE2B}.Debug|x86.ActiveCfg = Debug|Any CPU
		{B3F8A3CE-D202-459F-BBA3-829FBCD0CE2B}.Debug|x86.Build.0 = Debug|Any CPU
		{B3F8A3CE-D202-459F-BBA3-829FBCD0CE2B}.Release|Any CPU.ActiveCfg = Release|Any CPU
		{B3F8A3CE-D202-459F-BBA3-829FBCD0CE2B}.Release|Any CPU.Build.0 = Release|Any CPU
		{B3F8A3CE-D202-459F-BBA3-829FBCD0CE2B}.Release|x64.ActiveCfg = Release|Any CPU
		{B3F8A3CE-D202-459F-BBA3-829FBCD0CE2B}.Release|x64.Build.0 = Release|Any CPU
		{B3F8A3CE-D202-459F-BBA3-829FBCD0CE2B}.Release|x86.ActiveCfg = Release|Any CPU
		{B3F8A3CE-D202-459F-BBA3-829FBCD0CE2B}.Release|x86.Build.0 = Release|Any CPU
	EndGlobalSection
EndGlobal
